
Microsoft Visual Studio Solution File, Format Version 11.00
# Visual Studio 2010
Project("{8BC9CEB8-8B4A-11D0-8D11-00A0C91BC942}") = "pPac", "pPac\pPac.vcxproj", "{137D29FE-3221-4E7C-8FDA-0A22E2423345}"
EndProject
Global
	GlobalSection(SolutionConfigurationPlatforms) = preSolution
		Debug|Win32 = Debug|Win32
		Release|Win32 = Release|Win32
	EndGlobalSection
	GlobalSection(ProjectConfigurationPlatforms) = postSolution
		{137D29FE-3221-4E7C-8FDA-0A22E2423345}.Debug|Win32.ActiveCfg = Debug|Win32
		{137D29FE-3221-4E7C-8FDA-0A22E2423345}.Debug|Win32.Build.0 = Debug|Win32
		{137D29FE-3221-4E7C-8FDA-0A22E2423345}.Release|Win32.ActiveCfg = Release|Win32
		{137D29FE-3221-4E7C-8FDA-0A22E2423345}.Release|Win32.Build.0 = Release|Win32
	EndGlobalSection
	GlobalSection(SolutionProperties) = preSolution
		HideSolutionNode = FALSE
	EndGlobalSection
EndGlobal
