<?xml version="1.0" encoding="utf-8"?>
<Project ToolsVersion="4.0" xmlns="http://schemas.microsoft.com/developer/msbuild/2003">
  <ItemGroup>
    <ClCompile Include="AppMain.cpp" />
    <ClCompile Include="Camera.cpp" />
    <ClCompile Include="CFG.cpp" />
    <ClCompile Include="CFG_Entry.cpp" />
    <ClCompile Include="CFG_Link.cpp" />
    <ClCompile Include="D3DManager.cpp" />
    <ClCompile Include="Dbg.cpp" />
    <ClCompile Include="InputManager.cpp" />
    <ClCompile Include="GameScreen.cpp" />
    <ClCompile Include="GameTimer.cpp" />
    <ClCompile Include="InGameScreen.cpp" />
    <ClCompile Include="MenuEntry.cpp" />
    <ClCompile Include="PrototypeScreen.cpp" />
    <ClCompile Include="Screen.cpp" />
    <ClCompile Include="ScreenManager.cpp" />
    <ClCompile Include="winMain.cpp" />
    <ClCompile Include="TEST.cpp" />
  </ItemGroup>
  <ItemGroup>
    <ClInclude Include="AppMain.h" />
    <ClInclude Include="Camera.h" />
    <ClInclude Include="CFG.h" />
    <ClInclude Include="CfgLib.h" />
    <ClInclude Include="CFG_Entry.h" />
    <ClInclude Include="CFG_Link.h" />
    <ClInclude Include="D3DLibs.h" />
    <ClInclude Include="D3DManager.h" />
    <ClInclude Include="Dbg.h" />
    <ClInclude Include="InputManager.h" />
    <ClInclude Include="GameScreen.h" />
    <ClInclude Include="GameTimer.h" />
    <ClInclude Include="InGameScreen.h" />
    <ClInclude Include="MenuEntry.h" />
    <ClInclude Include="PrototypeScreen.h" />
    <ClInclude Include="Screen.h" />
    <ClInclude Include="ScreenManager.h" />
    <ClInclude Include="TEST.h" />
  </ItemGroup>
  <ItemGroup>
    <None Include="shaders\menuEffect.fx" />
  </ItemGroup>
</Project>